
Microsoft Visual Studio Solution File, Format Version 12.00
# Visual Studio 14
VisualStudioVersion = 14.0.25420.1
MinimumVisualStudioVersion = 10.0.40219.1
Project("{FAE04EC0-301F-11D3-BF4B-00C04F79EFBC}") = "Server", "Server.csproj", "{48A01788-6554-4C51-8EB8-51758081C99A}"
EndProject
Project("{FAE04EC0-301F-11D3-BF4B-00C04F79EFBC}") = "Game", "..\Game\Game\Game.csproj", "{6B53FD67-FC02-43CA-9142-3A4577C89F17}"
EndProject
Project("{FAE04EC0-301F-11D3-BF4B-00C04F79EFBC}") = "Client", "..\Client\Client.csproj", "{48C74704-F692-4DEF-BB3A-670F4E70DB30}"
EndProject
Project("{FAE04EC0-301F-11D3-BF4B-00C04F79EFBC}") = "ClassLibrary1", "..\ClassLibrary1\ClassLibrary1\ClassLibrary1.csproj", "{050A5619-1B56-4C48-AB3A-D2E93BE99F3B}"
EndProject
Global
	GlobalSection(SolutionConfigurationPlatforms) = preSolution
		Debug|Any CPU = Debug|Any CPU
		Release|Any CPU = Release|Any CPU
	EndGlobalSection
	GlobalSection(ProjectConfigurationPlatforms) = postSolution
		{48A01788-6554-4C51-8EB8-51758081C99A}.Debug|Any CPU.ActiveCfg = Debug|Any CPU
		{48A01788-6554-4C51-8EB8-51758081C99A}.Debug|Any CPU.Build.0 = Debug|Any CPU
		{48A01788-6554-4C51-8EB8-51758081C99A}.Release|Any CPU.ActiveCfg = Release|Any CPU
		{48A01788-6554-4C51-8EB8-51758081C99A}.Release|Any CPU.Build.0 = Release|Any CPU
		{6B53FD67-FC02-43CA-9142-3A4577C89F17}.Debug|Any CPU.ActiveCfg = Debug|Any CPU
		{6B53FD67-FC02-43CA-9142-3A4577C89F17}.Debug|Any CPU.Build.0 = Debug|Any CPU
		{6B53FD67-FC02-43CA-9142-3A4577C89F17}.Release|Any CPU.ActiveCfg = Release|Any CPU
		{6B53FD67-FC02-43CA-9142-3A4577C89F17}.Release|Any CPU.Build.0 = Release|Any CPU
		{48C74704-F692-4DEF-BB3A-670F4E70DB30}.Debug|Any CPU.ActiveCfg = Debug|Any CPU
		{48C74704-F692-4DEF-BB3A-670F4E70DB30}.Debug|Any CPU.Build.0 = Debug|Any CPU
		{48C74704-F692-4DEF-BB3A-670F4E70DB30}.Release|Any CPU.ActiveCfg = Release|Any CPU
		{48C74704-F692-4DEF-BB3A-670F4E70DB30}.Release|Any CPU.Build.0 = Release|Any CPU
		{050A5619-1B56-4C48-AB3A-D2E93BE99F3B}.Debug|Any CPU.ActiveCfg = Debug|Any CPU
		{050A5619-1B56-4C48-AB3A-D2E93BE99F3B}.Debug|Any CPU.Build.0 = Debug|Any CPU
		{050A5619-1B56-4C48-AB3A-D2E93BE99F3B}.Release|Any CPU.ActiveCfg = Release|Any CPU
		{050A5619-1B56-4C48-AB3A-D2E93BE99F3B}.Release|Any CPU.Build.0 = Release|Any CPU
	EndGlobalSection
	GlobalSection(SolutionProperties) = preSolution
		HideSolutionNode = FALSE
	EndGlobalSection
EndGlobal
